
Microsoft Visual Studio Solution File, Format Version 12.00
# Visual Studio Version 16
VisualStudioVersion = 16.0.32228.343
MinimumVisualStudioVersion = 10.0.40219.1
Project("{FAE04EC0-301F-11D3-BF4B-00C04F79EFBC}") = "prjInterViewDemo", "prjInterViewDemo\prjInterViewDemo.csproj", "{540906CE-B13D-4B9D-A003-9278BDDE5309}"
EndProject
Global
	GlobalSection(SolutionConfigurationPlatforms) = preSolution
		Debug|Any CPU = Debug|Any CPU
		Release|Any CPU = Release|Any CPU
	EndGlobalSection
	GlobalSection(ProjectConfigurationPlatforms) = postSolution
		{540906CE-B13D-4B9D-A003-9278BDDE5309}.Debug|Any CPU.ActiveCfg = Debug|Any CPU
		{540906CE-B13D-4B9D-A003-9278BDDE5309}.Debug|Any CPU.Build.0 = Debug|Any CPU
		{540906CE-B13D-4B9D-A003-9278BDDE5309}.Release|Any CPU.ActiveCfg = Release|Any CPU
		{540906CE-B13D-4B9D-A003-9278BDDE5309}.Release|Any CPU.Build.0 = Release|Any CPU
	EndGlobalSection
	GlobalSection(SolutionProperties) = preSolution
		HideSolutionNode = FALSE
	EndGlobalSection
	GlobalSection(ExtensibilityGlobals) = postSolution
		SolutionGuid = {0AC66032-DB23-400E-AAF9-E6528038B4C4}
	EndGlobalSection
EndGlobal
